# This file is autogenerated, do not edit; changes may be undone by the next 'dep ensure'.


[[projects]]
  branch = "master"
  digest = "1:315c5f2f60c76d89b871c73f9bd5fe689cad96597afd50fb9992228ef80bdd34"
  name = "github.com/alecthomas/template"
  packages = [
    ".",
    "parse",
  ]
  pruneopts = "UT"
  revision = "a0175ee3bccc567396460bf5acd36800cb10c49c"

[[projects]]
  branch = "master"
  digest = "1:c198fdc381e898e8fb62b8eb62758195091c313ad18e52a3067366e1dda2fb3c"
  name = "github.com/alecthomas/units"
  packages = ["."]
  pruneopts = "UT"
  revision = "2efee857e7cfd4f3d0138cc3cbb1b4966962b93a"

[[projects]]
  digest = "1:c0bc2b7696dec1cfd0aa7b706ab78ce30dae75e46e027d094e233cede7e59dec"
  name = "github.com/digitalocean/godo"
  packages = ["."]
  pruneopts = "UT"
  revision = "970b46ffe46bacda668dd58a8a1aba9d775b8895"
  version = "v1.2.0"

[[projects]]
  digest = "1:15042ad3498153684d09f393bbaec6b216c8eec6d61f63dff711de7d64ed8861"
  name = "github.com/golang/protobuf"
  packages = ["proto"]
  pruneopts = "UT"
  revision = "b4deda0973fb4c70b50d226b1af49f3da59f5265"
  version = "v1.1.0"

[[projects]]
  branch = "master"
  digest = "1:a63cff6b5d8b95638bfe300385d93b2a6d9d687734b863da8e09dc834510a690"
  name = "github.com/google/go-querystring"
  packages = ["query"]
  pruneopts = "UT"
  revision = "53e6ce116135b80d037921a7fdd5138cf32d7a8a"

[[projects]]
  digest = "1:40e195917a951a8bf867cd05de2a46aaf1806c50cf92eebf4c16f78cd196f747"
  name = "github.com/pkg/errors"
  packages = ["."]
  pruneopts = "UT"
  revision = "645ef00459ed84a119197bfb8d8205042c6df63d"
  version = "v0.8.0"

[[projects]]
  branch = "master"
  digest = "1:644d7e65ea431241ea1b95ae423634da11e6a2776a36f0049b49eac9defb877b"
  name = "github.com/prometheus/common"
  packages = ["model"]
  pruneopts = "UT"
  revision = "d811d2e9bf898806ecfb6ef6296774b13ffc314c"

[[projects]]
  branch = "master"
  digest = "1:595e123593925253dd02152777ddb8cd42300c4f61e783e163b053802547c47c"
  name = "github.com/tent/http-link-go"
  packages = ["."]
  pruneopts = "UT"
  revision = "ac974c61c2f990f4115b119354b5e0b47550e888"

[[projects]]
  branch = "master"
  digest = "1:d6b719875cf8091fbab38527d81d34e71f4521b9ee9ccfbd4a32cff2ac5af96e"
  name = "golang.org/x/net"
  packages = [
    "context",
    "context/ctxhttp",
  ]
  pruneopts = "UT"
  revision = "2491c5de3490fced2f6cff376127c667efeed857"

[[projects]]
  branch = "master"
  digest = "1:d3c378f8f7aae6da81888a73b806ae4c4aa6af31c5b659ddf30d8d52badb6e1a"
  name = "golang.org/x/oauth2"
  packages = [
    ".",
    "internal",
  ]
  pruneopts = "UT"
  revision = "cdc340f7c179dbbfa4afd43b7614e8fcadde4269"

[[projects]]
  digest = "1:9cf45e754ab2dff5f53a553e6948b994ff738e4d1092ca608dcada945d8be0ef"
  name = "google.golang.org/appengine"
  packages = [
    "internal",
    "internal/base",
    "internal/datastore",
    "internal/log",
    "internal/remote_api",
    "internal/urlfetch",
    "urlfetch",
  ]
  pruneopts = "UT"
  revision = "150dc57a1b433e64154302bdc40b6bb8aefa313a"
  version = "v1.0.0"

[[projects]]
  digest = "1:c06d9e11d955af78ac3bbb26bd02e01d2f61f689e1a3bce2ef6fb683ef8a7f2d"
  name = "gopkg.in/alecthomas/kingpin.v2"
  packages = ["."]
  pruneopts = "UT"
  revision = "947dcec5ba9c011838740e680966fd7087a71d0d"
  version = "v2.2.6"

[solve-meta]
  analyzer-name = "dep"
  analyzer-version = 1
  input-imports = [
    "github.com/digitalocean/godo",
    "github.com/pkg/errors",
    "github.com/prometheus/common/model",
    "golang.org/x/oauth2",
    "gopkg.in/alecthomas/kingpin.v2",
  ]
  solver-name = "gps-cdcl"
  solver-version = 1
